
Microsoft Visual Studio Solution File, Format Version 12.00
# Visual Studio Version 16
VisualStudioVersion = 16.0.31321.278
MinimumVisualStudioVersion = 10.0.40219.1
Project("{FAE04EC0-301F-11D3-BF4B-00C04F79EFBC}") = "singleton_0611", "singleton_0611\singleton_0611.csproj", "{E65977DA-9CF3-4E87-A660-AFA73D17DFCD}"
EndProject
Global
	GlobalSection(SolutionConfigurationPlatforms) = preSolution
		Debug|Any CPU = Debug|Any CPU
		Release|Any CPU = Release|Any CPU
	EndGlobalSection
	GlobalSection(ProjectConfigurationPlatforms) = postSolution
		{E65977DA-9CF3-4E87-A660-AFA73D17DFCD}.Debug|Any CPU.ActiveCfg = Debug|Any CPU
		{E65977DA-9CF3-4E87-A660-AFA73D17DFCD}.Debug|Any CPU.Build.0 = Debug|Any CPU
		{E65977DA-9CF3-4E87-A660-AFA73D17DFCD}.Release|Any CPU.ActiveCfg = Release|Any CPU
		{E65977DA-9CF3-4E87-A660-AFA73D17DFCD}.Release|Any CPU.Build.0 = Release|Any CPU
	EndGlobalSection
	GlobalSection(SolutionProperties) = preSolution
		HideSolutionNode = FALSE
	EndGlobalSection
	GlobalSection(ExtensibilityGlobals) = postSolution
		SolutionGuid = {F0C744E2-3E78-405D-B2C9-9768E4C82A5D}
	EndGlobalSection
EndGlobal
