
Microsoft Visual Studio Solution File, Format Version 12.00
# Visual Studio Version 16
VisualStudioVersion = 16.0.31025.194
MinimumVisualStudioVersion = 10.0.40219.1
Project("{FAE04EC0-301F-11D3-BF4B-00C04F79EFBC}") = "Delegate_and_lamda", "Delegate_and_lamda\Delegate_and_lamda.csproj", "{2ACAB98E-C67D-4031-ACED-D93F3D95BF81}"
EndProject
Project("{FAE04EC0-301F-11D3-BF4B-00C04F79EFBC}") = "WriteLogFile", "WriteLogFile\WriteLogFile.csproj", "{689F49F4-3399-451F-8CE0-763B108B13A2}"
EndProject
Global
	GlobalSection(SolutionConfigurationPlatforms) = preSolution
		Debug|Any CPU = Debug|Any CPU
		Release|Any CPU = Release|Any CPU
	EndGlobalSection
	GlobalSection(ProjectConfigurationPlatforms) = postSolution
		{2ACAB98E-C67D-4031-ACED-D93F3D95BF81}.Debug|Any CPU.ActiveCfg = Debug|Any CPU
		{2ACAB98E-C67D-4031-ACED-D93F3D95BF81}.Debug|Any CPU.Build.0 = Debug|Any CPU
		{2ACAB98E-C67D-4031-ACED-D93F3D95BF81}.Release|Any CPU.ActiveCfg = Release|Any CPU
		{2ACAB98E-C67D-4031-ACED-D93F3D95BF81}.Release|Any CPU.Build.0 = Release|Any CPU
		{689F49F4-3399-451F-8CE0-763B108B13A2}.Debug|Any CPU.ActiveCfg = Debug|Any CPU
		{689F49F4-3399-451F-8CE0-763B108B13A2}.Debug|Any CPU.Build.0 = Debug|Any CPU
		{689F49F4-3399-451F-8CE0-763B108B13A2}.Release|Any CPU.ActiveCfg = Release|Any CPU
		{689F49F4-3399-451F-8CE0-763B108B13A2}.Release|Any CPU.Build.0 = Release|Any CPU
	EndGlobalSection
	GlobalSection(SolutionProperties) = preSolution
		HideSolutionNode = FALSE
	EndGlobalSection
	GlobalSection(ExtensibilityGlobals) = postSolution
		SolutionGuid = {1F4FBC5A-6945-41A1-BA45-113ED3851ACE}
	EndGlobalSection
EndGlobal
